
Microsoft Visual Studio Solution File, Format Version 12.00
# Visual Studio Version 17
VisualStudioVersion = 17.5.33627.172
MinimumVisualStudioVersion = 10.0.40219.1
Project("{9A19103F-16F7-4668-BE54-9A1E7A4F7556}") = "Domain.Model", "main\Domain.Model\Domain.Model.csproj", "{3C4BED6B-FA0D-4BC1-BEC3-9463F6B57254}"
EndProject
Project("{9A19103F-16F7-4668-BE54-9A1E7A4F7556}") = "Application", "main\Application\Application.csproj", "{D71E4B14-6FCC-4560-B46D-8ED10D00266E}"
EndProject
Project("{2150E333-8FDC-42A3-9474-1A3956D46DE8}") = "Port.Adapter", "Port.Adapter", "{5F978D24-77CA-4416-BD5F-49FC918619DB}"
EndProject
Project("{2150E333-8FDC-42A3-9474-1A3956D46DE8}") = "In", "In", "{F0E02726-2CEF-4766-9632-388A664EAEF5}"
EndProject
Project("{2150E333-8FDC-42A3-9474-1A3956D46DE8}") = "IO", "IO", "{037DDEF8-A412-40EA-8B0D-F795467BC0CB}"
EndProject
Project("{2150E333-8FDC-42A3-9474-1A3956D46DE8}") = "Persistence", "Persistence", "{F22DA659-E009-4CDE-B59E-C2341F14555E}"
EndProject
Project("{9A19103F-16F7-4668-BE54-9A1E7A4F7556}") = "ArangoDB", "main\Port.Adapter\IO\Persistence\ArangoDB\ArangoDB.csproj", "{ED5F4F95-423C-4E49-BD3C-C65BC6D18DCE}"
EndProject
Project("{2150E333-8FDC-42A3-9474-1A3956D46DE8}") = "Process", "Process", "{57964D81-62AF-4D4B-AABC-7BD243D3CADD}"
EndProject
Project("{2150E333-8FDC-42A3-9474-1A3956D46DE8}") = "Events", "Events", "{A8872FBF-E238-43A2-8963-D3701EBF0774}"
EndProject
Project("{9A19103F-16F7-4668-BE54-9A1E7A4F7556}") = "Events", "main\Port.Adapter\IO\Process\Events\Events.csproj", "{B960C181-9927-4AA9-9EB4-26682366A02E}"
EndProject
Project("{FAE04EC0-301F-11D3-BF4B-00C04F79EFBC}") = "Events.Test", "test\Port.Adapter\IO\Process\Events\Events.Test.csproj", "{A42C3948-894F-46A9-A67F-82ABFE8CB6AC}"
EndProject
Project("{2150E333-8FDC-42A3-9474-1A3956D46DE8}") = "BackgroundService", "BackgroundService", "{0E085E73-5983-4772-82E3-C86E1AFF518D}"
EndProject
Project("{9A19103F-16F7-4668-BE54-9A1E7A4F7556}") = "BackgroundService", "main\Port.Adapter\IO\Process\Events\Standard\BackgroundService.csproj", "{CB2C83F0-29A3-4D54-934D-5C33758C850D}"
EndProject
Project("{FAE04EC0-301F-11D3-BF4B-00C04F79EFBC}") = "Standard.Test", "test\Port.Adapter\IO\Process\Events\Standard\Standard.Test.csproj", "{05943D92-C8CE-4F19-9888-9118D1A14ED0}"
EndProject
Project("{2150E333-8FDC-42A3-9474-1A3956D46DE8}") = "Out", "Out", "{86C20897-8A69-4DA9-A8A9-2AA589C3E5C9}"
EndProject
Project("{9A19103F-16F7-4668-BE54-9A1E7A4F7556}") = "Common", "main\Port.Adapter\Common\Common.csproj", "{3AFBF775-D36F-472A-AD50-4D74793EFEC5}"
EndProject
Project("{9A19103F-16F7-4668-BE54-9A1E7A4F7556}") = "Out.Api", "main\Port.Adapter\Out\Api\Out.Api.csproj", "{5B9F09EA-242C-4F9E-BFDC-7796543AACA2}"
EndProject
Project("{9A19103F-16F7-4668-BE54-9A1E7A4F7556}") = "In.Api", "main\Port.Adapter\In\Api\In.Api.csproj", "{982ED21D-1ED3-41DD-97DA-F5F6B7A70C6E}"
EndProject
Project("{E53339B2-1760-4266-BCC7-CA923CBCF16C}") = "docker-compose", "docker-compose.dcproj", "{38651C6C-0199-4774-B850-15C64F4027DD}"
EndProject
Project("{9A19103F-16F7-4668-BE54-9A1E7A4F7556}") = "Services", "main\Port.Adapter\IO\Process\Services\Services.csproj", "{EA5426AD-52C3-4987-B5FB-114876AB78A6}"
EndProject
Global
	GlobalSection(SolutionConfigurationPlatforms) = preSolution
		Debug|Any CPU = Debug|Any CPU
		Release|Any CPU = Release|Any CPU
	EndGlobalSection
	GlobalSection(ProjectConfigurationPlatforms) = postSolution
		{3C4BED6B-FA0D-4BC1-BEC3-9463F6B57254}.Debug|Any CPU.ActiveCfg = Debug|Any CPU
		{3C4BED6B-FA0D-4BC1-BEC3-9463F6B57254}.Debug|Any CPU.Build.0 = Debug|Any CPU
		{3C4BED6B-FA0D-4BC1-BEC3-9463F6B57254}.Release|Any CPU.ActiveCfg = Release|Any CPU
		{3C4BED6B-FA0D-4BC1-BEC3-9463F6B57254}.Release|Any CPU.Build.0 = Release|Any CPU
		{D71E4B14-6FCC-4560-B46D-8ED10D00266E}.Debug|Any CPU.ActiveCfg = Debug|Any CPU
		{D71E4B14-6FCC-4560-B46D-8ED10D00266E}.Debug|Any CPU.Build.0 = Debug|Any CPU
		{D71E4B14-6FCC-4560-B46D-8ED10D00266E}.Release|Any CPU.ActiveCfg = Release|Any CPU
		{D71E4B14-6FCC-4560-B46D-8ED10D00266E}.Release|Any CPU.Build.0 = Release|Any CPU
		{ED5F4F95-423C-4E49-BD3C-C65BC6D18DCE}.Debug|Any CPU.ActiveCfg = Debug|Any CPU
		{ED5F4F95-423C-4E49-BD3C-C65BC6D18DCE}.Debug|Any CPU.Build.0 = Debug|Any CPU
		{ED5F4F95-423C-4E49-BD3C-C65BC6D18DCE}.Release|Any CPU.ActiveCfg = Release|Any CPU
		{ED5F4F95-423C-4E49-BD3C-C65BC6D18DCE}.Release|Any CPU.Build.0 = Release|Any CPU
		{B960C181-9927-4AA9-9EB4-26682366A02E}.Debug|Any CPU.ActiveCfg = Debug|Any CPU
		{B960C181-9927-4AA9-9EB4-26682366A02E}.Debug|Any CPU.Build.0 = Debug|Any CPU
		{B960C181-9927-4AA9-9EB4-26682366A02E}.Release|Any CPU.ActiveCfg = Release|Any CPU
		{B960C181-9927-4AA9-9EB4-26682366A02E}.Release|Any CPU.Build.0 = Release|Any CPU
		{A42C3948-894F-46A9-A67F-82ABFE8CB6AC}.Debug|Any CPU.ActiveCfg = Debug|Any CPU
		{A42C3948-894F-46A9-A67F-82ABFE8CB6AC}.Debug|Any CPU.Build.0 = Debug|Any CPU
		{A42C3948-894F-46A9-A67F-82ABFE8CB6AC}.Release|Any CPU.ActiveCfg = Release|Any CPU
		{A42C3948-894F-46A9-A67F-82ABFE8CB6AC}.Release|Any CPU.Build.0 = Release|Any CPU
		{CB2C83F0-29A3-4D54-934D-5C33758C850D}.Debug|Any CPU.ActiveCfg = Debug|Any CPU
		{CB2C83F0-29A3-4D54-934D-5C33758C850D}.Debug|Any CPU.Build.0 = Debug|Any CPU
		{CB2C83F0-29A3-4D54-934D-5C33758C850D}.Release|Any CPU.ActiveCfg = Release|Any CPU
		{CB2C83F0-29A3-4D54-934D-5C33758C850D}.Release|Any CPU.Build.0 = Release|Any CPU
		{05943D92-C8CE-4F19-9888-9118D1A14ED0}.Debug|Any CPU.ActiveCfg = Debug|Any CPU
		{05943D92-C8CE-4F19-9888-9118D1A14ED0}.Debug|Any CPU.Build.0 = Debug|Any CPU
		{05943D92-C8CE-4F19-9888-9118D1A14ED0}.Release|Any CPU.ActiveCfg = Release|Any CPU
		{05943D92-C8CE-4F19-9888-9118D1A14ED0}.Release|Any CPU.Build.0 = Release|Any CPU
		{3AFBF775-D36F-472A-AD50-4D74793EFEC5}.Debug|Any CPU.ActiveCfg = Debug|Any CPU
		{3AFBF775-D36F-472A-AD50-4D74793EFEC5}.Debug|Any CPU.Build.0 = Debug|Any CPU
		{3AFBF775-D36F-472A-AD50-4D74793EFEC5}.Release|Any CPU.ActiveCfg = Release|Any CPU
		{3AFBF775-D36F-472A-AD50-4D74793EFEC5}.Release|Any CPU.Build.0 = Release|Any CPU
		{5B9F09EA-242C-4F9E-BFDC-7796543AACA2}.Debug|Any CPU.ActiveCfg = Debug|Any CPU
		{5B9F09EA-242C-4F9E-BFDC-7796543AACA2}.Debug|Any CPU.Build.0 = Debug|Any CPU
		{5B9F09EA-242C-4F9E-BFDC-7796543AACA2}.Release|Any CPU.ActiveCfg = Release|Any CPU
		{5B9F09EA-242C-4F9E-BFDC-7796543AACA2}.Release|Any CPU.Build.0 = Release|Any CPU
		{982ED21D-1ED3-41DD-97DA-F5F6B7A70C6E}.Debug|Any CPU.ActiveCfg = Debug|Any CPU
		{982ED21D-1ED3-41DD-97DA-F5F6B7A70C6E}.Debug|Any CPU.Build.0 = Debug|Any CPU
		{982ED21D-1ED3-41DD-97DA-F5F6B7A70C6E}.Release|Any CPU.ActiveCfg = Release|Any CPU
		{982ED21D-1ED3-41DD-97DA-F5F6B7A70C6E}.Release|Any CPU.Build.0 = Release|Any CPU
		{38651C6C-0199-4774-B850-15C64F4027DD}.Debug|Any CPU.ActiveCfg = Debug|Any CPU
		{38651C6C-0199-4774-B850-15C64F4027DD}.Debug|Any CPU.Build.0 = Debug|Any CPU
		{38651C6C-0199-4774-B850-15C64F4027DD}.Release|Any CPU.ActiveCfg = Release|Any CPU
		{38651C6C-0199-4774-B850-15C64F4027DD}.Release|Any CPU.Build.0 = Release|Any CPU
		{EA5426AD-52C3-4987-B5FB-114876AB78A6}.Debug|Any CPU.ActiveCfg = Debug|Any CPU
		{EA5426AD-52C3-4987-B5FB-114876AB78A6}.Debug|Any CPU.Build.0 = Debug|Any CPU
		{EA5426AD-52C3-4987-B5FB-114876AB78A6}.Release|Any CPU.ActiveCfg = Release|Any CPU
		{EA5426AD-52C3-4987-B5FB-114876AB78A6}.Release|Any CPU.Build.0 = Release|Any CPU
	EndGlobalSection
	GlobalSection(SolutionProperties) = preSolution
		HideSolutionNode = FALSE
	EndGlobalSection
	GlobalSection(NestedProjects) = preSolution
		{F0E02726-2CEF-4766-9632-388A664EAEF5} = {5F978D24-77CA-4416-BD5F-49FC918619DB}
		{037DDEF8-A412-40EA-8B0D-F795467BC0CB} = {5F978D24-77CA-4416-BD5F-49FC918619DB}
		{F22DA659-E009-4CDE-B59E-C2341F14555E} = {037DDEF8-A412-40EA-8B0D-F795467BC0CB}
		{ED5F4F95-423C-4E49-BD3C-C65BC6D18DCE} = {F22DA659-E009-4CDE-B59E-C2341F14555E}
		{57964D81-62AF-4D4B-AABC-7BD243D3CADD} = {037DDEF8-A412-40EA-8B0D-F795467BC0CB}
		{A8872FBF-E238-43A2-8963-D3701EBF0774} = {57964D81-62AF-4D4B-AABC-7BD243D3CADD}
		{B960C181-9927-4AA9-9EB4-26682366A02E} = {A8872FBF-E238-43A2-8963-D3701EBF0774}
		{A42C3948-894F-46A9-A67F-82ABFE8CB6AC} = {A8872FBF-E238-43A2-8963-D3701EBF0774}
		{0E085E73-5983-4772-82E3-C86E1AFF518D} = {A8872FBF-E238-43A2-8963-D3701EBF0774}
		{CB2C83F0-29A3-4D54-934D-5C33758C850D} = {0E085E73-5983-4772-82E3-C86E1AFF518D}
		{05943D92-C8CE-4F19-9888-9118D1A14ED0} = {0E085E73-5983-4772-82E3-C86E1AFF518D}
		{86C20897-8A69-4DA9-A8A9-2AA589C3E5C9} = {5F978D24-77CA-4416-BD5F-49FC918619DB}
		{3AFBF775-D36F-472A-AD50-4D74793EFEC5} = {5F978D24-77CA-4416-BD5F-49FC918619DB}
		{5B9F09EA-242C-4F9E-BFDC-7796543AACA2} = {86C20897-8A69-4DA9-A8A9-2AA589C3E5C9}
		{982ED21D-1ED3-41DD-97DA-F5F6B7A70C6E} = {F0E02726-2CEF-4766-9632-388A664EAEF5}
		{EA5426AD-52C3-4987-B5FB-114876AB78A6} = {57964D81-62AF-4D4B-AABC-7BD243D3CADD}
	EndGlobalSection
	GlobalSection(ExtensibilityGlobals) = postSolution
		SolutionGuid = {68EC7418-8F62-4B3F-B33F-4D8BBAB45870}
	EndGlobalSection
EndGlobal
